
Microsoft Visual Studio Solution File, Format Version 12.00
# Visual Studio Version 17
VisualStudioVersion = 17.5.33516.290
MinimumVisualStudioVersion = 10.0.40219.1
Project("{9A19103F-16F7-4668-BE54-9A1E7A4F7556}") = "Stage0", "Stage0\Stage0.csproj", "{0A9E3F7C-8397-4186-9495-9CEBE0A7CF5F}"
EndProject
Project("{2150E333-8FDC-42A3-9474-1A3956D46DE8}") = "Solution Items", "Solution Items", "{1F87C217-FA80-481C-BFE8-5197CABEB017}"
	ProjectSection(SolutionItems) = preProject
		README.md = README.md
	EndProjectSection
EndProject
Project("{9A19103F-16F7-4668-BE54-9A1E7A4F7556}") = "DalFacade", "DalFacade\DalFacade.csproj", "{F06D91D4-F50B-4E82-8661-F9E578BE575A}"
EndProject
Project("{9A19103F-16F7-4668-BE54-9A1E7A4F7556}") = "DalList", "DalList\DalList.csproj", "{5ED02461-AAE7-43BD-BFD2-6E6CCE3A0FE8}"
EndProject
Project("{9A19103F-16F7-4668-BE54-9A1E7A4F7556}") = "DalTest", "DalTest\DalTest.csproj", "{CBCAC9A1-EEC8-4123-A565-245EF1DBE7F3}"
EndProject
Project("{9A19103F-16F7-4668-BE54-9A1E7A4F7556}") = "DalXml", "DalXml\DalXml.csproj", "{D868652C-3C0B-4A4D-8DC0-59912FFF0F11}"
EndProject
Project("{2150E333-8FDC-42A3-9474-1A3956D46DE8}") = "xml", "xml", "{69DFDF64-04EA-4B63-832E-95FF923D83AD}"
	ProjectSection(SolutionItems) = preProject
		xml\data-config.xml = xml\data-config.xml
		xml\dal-config.xml = xml\dal-config.xml
		xml\dependencies.xml = xml\dependencies.xml
		xml\engineers.xml = xml\engineers.xml
		xml\tasks.xml = xml\tasks.xml
	EndProjectSection
EndProject
Project("{FAE04EC0-301F-11D3-BF4B-00C04F79EFBC}") = "BL", "BL\BL.csproj", "{6E0CEEE4-6FC9-4AC4-8DDA-D18BAFA550D2}"
EndProject
Global
	GlobalSection(SolutionConfigurationPlatforms) = preSolution
		Debug|Any CPU = Debug|Any CPU
		Release|Any CPU = Release|Any CPU
	EndGlobalSection
	GlobalSection(ProjectConfigurationPlatforms) = postSolution
		{0A9E3F7C-8397-4186-9495-9CEBE0A7CF5F}.Debug|Any CPU.ActiveCfg = Debug|Any CPU
		{0A9E3F7C-8397-4186-9495-9CEBE0A7CF5F}.Debug|Any CPU.Build.0 = Debug|Any CPU
		{0A9E3F7C-8397-4186-9495-9CEBE0A7CF5F}.Release|Any CPU.ActiveCfg = Release|Any CPU
		{0A9E3F7C-8397-4186-9495-9CEBE0A7CF5F}.Release|Any CPU.Build.0 = Release|Any CPU
		{F06D91D4-F50B-4E82-8661-F9E578BE575A}.Debug|Any CPU.ActiveCfg = Debug|Any CPU
		{F06D91D4-F50B-4E82-8661-F9E578BE575A}.Debug|Any CPU.Build.0 = Debug|Any CPU
		{F06D91D4-F50B-4E82-8661-F9E578BE575A}.Release|Any CPU.ActiveCfg = Release|Any CPU
		{F06D91D4-F50B-4E82-8661-F9E578BE575A}.Release|Any CPU.Build.0 = Release|Any CPU
		{5ED02461-AAE7-43BD-BFD2-6E6CCE3A0FE8}.Debug|Any CPU.ActiveCfg = Debug|Any CPU
		{5ED02461-AAE7-43BD-BFD2-6E6CCE3A0FE8}.Debug|Any CPU.Build.0 = Debug|Any CPU
		{5ED02461-AAE7-43BD-BFD2-6E6CCE3A0FE8}.Release|Any CPU.ActiveCfg = Release|Any CPU
		{5ED02461-AAE7-43BD-BFD2-6E6CCE3A0FE8}.Release|Any CPU.Build.0 = Release|Any CPU
		{CBCAC9A1-EEC8-4123-A565-245EF1DBE7F3}.Debug|Any CPU.ActiveCfg = Debug|Any CPU
		{CBCAC9A1-EEC8-4123-A565-245EF1DBE7F3}.Debug|Any CPU.Build.0 = Debug|Any CPU
		{CBCAC9A1-EEC8-4123-A565-245EF1DBE7F3}.Release|Any CPU.ActiveCfg = Release|Any CPU
		{CBCAC9A1-EEC8-4123-A565-245EF1DBE7F3}.Release|Any CPU.Build.0 = Release|Any CPU
		{D868652C-3C0B-4A4D-8DC0-59912FFF0F11}.Debug|Any CPU.ActiveCfg = Debug|Any CPU
		{D868652C-3C0B-4A4D-8DC0-59912FFF0F11}.Debug|Any CPU.Build.0 = Debug|Any CPU
		{D868652C-3C0B-4A4D-8DC0-59912FFF0F11}.Release|Any CPU.ActiveCfg = Release|Any CPU
		{D868652C-3C0B-4A4D-8DC0-59912FFF0F11}.Release|Any CPU.Build.0 = Release|Any CPU
		{6E0CEEE4-6FC9-4AC4-8DDA-D18BAFA550D2}.Debug|Any CPU.ActiveCfg = Debug|Any CPU
		{6E0CEEE4-6FC9-4AC4-8DDA-D18BAFA550D2}.Debug|Any CPU.Build.0 = Debug|Any CPU
		{6E0CEEE4-6FC9-4AC4-8DDA-D18BAFA550D2}.Release|Any CPU.ActiveCfg = Release|Any CPU
		{6E0CEEE4-6FC9-4AC4-8DDA-D18BAFA550D2}.Release|Any CPU.Build.0 = Release|Any CPU
	EndGlobalSection
	GlobalSection(SolutionProperties) = preSolution
		HideSolutionNode = FALSE
	EndGlobalSection
	GlobalSection(ExtensibilityGlobals) = postSolution
		SolutionGuid = {8593F8DE-CC69-4F6D-A30A-BEAD59CBC299}
	EndGlobalSection
EndGlobal
