
Microsoft Visual Studio Solution File, Format Version 12.00
# Visual Studio Version 17
VisualStudioVersion = 17.5.33516.290
MinimumVisualStudioVersion = 10.0.40219.1
Project("{9A19103F-16F7-4668-BE54-9A1E7A4F7556}") = "Stage0", "Stage0\Stage0.csproj", "{0A9E3F7C-8397-4186-9495-9CEBE0A7CF5F}"
EndProject
Project("{2150E333-8FDC-42A3-9474-1A3956D46DE8}") = "Solution Items", "Solution Items", "{1F87C217-FA80-481C-BFE8-5197CABEB017}"
	ProjectSection(SolutionItems) = preProject
		README.md = README.md
	EndProjectSection
EndProject
Project("{FAE04EC0-301F-11D3-BF4B-00C04F79EFBC}") = "DalFacade", "DalFacade\DalFacade.csproj", "{F06D91D4-F50B-4E82-8661-F9E578BE575A}"
EndProject
Global
	GlobalSection(SolutionConfigurationPlatforms) = preSolution
		Debug|Any CPU = Debug|Any CPU
		Release|Any CPU = Release|Any CPU
	EndGlobalSection
	GlobalSection(ProjectConfigurationPlatforms) = postSolution
		{0A9E3F7C-8397-4186-9495-9CEBE0A7CF5F}.Debug|Any CPU.ActiveCfg = Debug|Any CPU
		{0A9E3F7C-8397-4186-9495-9CEBE0A7CF5F}.Debug|Any CPU.Build.0 = Debug|Any CPU
		{0A9E3F7C-8397-4186-9495-9CEBE0A7CF5F}.Release|Any CPU.ActiveCfg = Release|Any CPU
		{0A9E3F7C-8397-4186-9495-9CEBE0A7CF5F}.Release|Any CPU.Build.0 = Release|Any CPU
		{F06D91D4-F50B-4E82-8661-F9E578BE575A}.Debug|Any CPU.ActiveCfg = Debug|Any CPU
		{F06D91D4-F50B-4E82-8661-F9E578BE575A}.Debug|Any CPU.Build.0 = Debug|Any CPU
		{F06D91D4-F50B-4E82-8661-F9E578BE575A}.Release|Any CPU.ActiveCfg = Release|Any CPU
		{F06D91D4-F50B-4E82-8661-F9E578BE575A}.Release|Any CPU.Build.0 = Release|Any CPU
	EndGlobalSection
	GlobalSection(SolutionProperties) = preSolution
		HideSolutionNode = FALSE
	EndGlobalSection
	GlobalSection(ExtensibilityGlobals) = postSolution
		SolutionGuid = {8593F8DE-CC69-4F6D-A30A-BEAD59CBC299}
	EndGlobalSection
EndGlobal
